
Microsoft Visual Studio Solution File, Format Version 12.00
# Visual Studio Version 17
VisualStudioVersion = 17.9.34728.123
MinimumVisualStudioVersion = 10.0.40219.1
Project("{FAE04EC0-301F-11D3-BF4B-00C04F79EFBC}") = "api-ver2", "api-ver2\api-ver2.csproj", "{BAB6B5F4-7CDD-4DBA-B9BD-9AD53A965C10}"
EndProject
Global
	GlobalSection(SolutionConfigurationPlatforms) = preSolution
		Debug|Any CPU = Debug|Any CPU
		Release|Any CPU = Release|Any CPU
	EndGlobalSection
	GlobalSection(ProjectConfigurationPlatforms) = postSolution
		{BAB6B5F4-7CDD-4DBA-B9BD-9AD53A965C10}.Debug|Any CPU.ActiveCfg = Debug|Any CPU
		{BAB6B5F4-7CDD-4DBA-B9BD-9AD53A965C10}.Debug|Any CPU.Build.0 = Debug|Any CPU
		{BAB6B5F4-7CDD-4DBA-B9BD-9AD53A965C10}.Release|Any CPU.ActiveCfg = Release|Any CPU
		{BAB6B5F4-7CDD-4DBA-B9BD-9AD53A965C10}.Release|Any CPU.Build.0 = Release|Any CPU
	EndGlobalSection
	GlobalSection(SolutionProperties) = preSolution
		HideSolutionNode = FALSE
	EndGlobalSection
	GlobalSection(ExtensibilityGlobals) = postSolution
		SolutionGuid = {7F55CFE9-5815-4698-9770-F35E949A9EB0}
	EndGlobalSection
EndGlobal
